
Microsoft Visual Studio Solution File, Format Version 12.00
# Visual Studio 15
VisualStudioVersion = 15.0.26730.3
MinimumVisualStudioVersion = 10.0.40219.1
Project("{2150E333-8FDC-42A3-9474-1A3956D46DE8}") = "01_BackStage.Core", "01_BackStage.Core", "{C5BD354E-5EC9-4EB1-865B-9FD04C7B5EB5}"
EndProject
Project("{2150E333-8FDC-42A3-9474-1A3956D46DE8}") = "02_BackStage.Data", "02_BackStage.Data", "{AA58D7DD-3F02-465B-A9E9-EE77E436606D}"
EndProject
Project("{2150E333-8FDC-42A3-9474-1A3956D46DE8}") = "03_BackStage.Service", "03_BackStage.Service", "{A73B8515-83AA-48DA-8DE9-B847FE6AE1A7}"
EndProject
Project("{2150E333-8FDC-42A3-9474-1A3956D46DE8}") = "05_BackStage.Web", "05_BackStage.Web", "{80B0FAC8-BE3B-4BBB-A279-66A63E69CC9E}"
EndProject
Project("{FAE04EC0-301F-11D3-BF4B-00C04F79EFBC}") = "BackStage.Core", "BackStage.Core\BackStage.Core.csproj", "{C1DE2CEB-2CAC-4D78-91FB-2D2492C8E709}"
EndProject
Project("{FAE04EC0-301F-11D3-BF4B-00C04F79EFBC}") = "BackStage.Data", "BackStage.Data\BackStage.Data.csproj", "{34EDDBE6-F1E9-48B6-A3F8-ABFE59B91330}"
EndProject
Project("{FAE04EC0-301F-11D3-BF4B-00C04F79EFBC}") = "BackStage.Entity", "BackStage.Entity\BackStage.Entity.csproj", "{9256EE91-0339-4266-BA14-24D07851158B}"
EndProject
Project("{FAE04EC0-301F-11D3-BF4B-00C04F79EFBC}") = "BackStage.Service", "BackStage.Service\BackStage.Service.csproj", "{CAD6AA55-0FD5-42EB-91EC-BED3573878FD}"
EndProject
Project("{FAE04EC0-301F-11D3-BF4B-00C04F79EFBC}") = "BackStage.Web", "BackStage.Web\BackStage.Web.csproj", "{776104B8-463D-4610-B5C4-54CAE2CF6359}"
EndProject
Project("{FAE04EC0-301F-11D3-BF4B-00C04F79EFBC}") = "Infrastructure", "Infrastructure\Infrastructure.csproj", "{CB28AEA4-F22C-44A5-B09A-AC10F3A651AE}"
EndProject
Project("{FAE04EC0-301F-11D3-BF4B-00C04F79EFBC}") = "Utility", "Utility\Utility.csproj", "{46211120-943D-4D1A-BDD3-6601B180ADD4}"
EndProject
Project("{FAE04EC0-301F-11D3-BF4B-00C04F79EFBC}") = "BackStage.ServiceBasis", "BackStage.ServiceBase\BackStage.ServiceBasis.csproj", "{12D1B8B0-F151-498F-AE73-6940069F8672}"
EndProject
Project("{2150E333-8FDC-42A3-9474-1A3956D46DE8}") = "04_Opcomunity.Service", "04_Opcomunity.Service", "{1394D2E0-A1BA-4894-ADEB-C943D9782FE6}"
EndProject
Project("{FAE04EC0-301F-11D3-BF4B-00C04F79EFBC}") = "Opcomunity.Data", "Opcomunity.Data\Opcomunity.Data.csproj", "{656324A9-5234-4B23-9A57-6AF97208D737}"
EndProject
Project("{FAE04EC0-301F-11D3-BF4B-00C04F79EFBC}") = "Opcomunity.Service", "Opcomunity.Service\Opcomunity.Service.csproj", "{7A355AC2-DEA1-4236-A9ED-DADFA42656B3}"
EndProject
Project("{2150E333-8FDC-42A3-9474-1A3956D46DE8}") = "06_AopSdk", "06_AopSdk", "{B55DEAEC-315A-425A-A335-5B573A261D80}"
EndProject
Project("{FAE04EC0-301F-11D3-BF4B-00C04F79EFBC}") = "AopSdk", "AopSdk\AopSdk.csproj", "{9C11CAE5-5188-4E71-825B-68FC3135728A}"
EndProject
Global
	GlobalSection(SolutionConfigurationPlatforms) = preSolution
		Debug|Any CPU = Debug|Any CPU
		Release|Any CPU = Release|Any CPU
	EndGlobalSection
	GlobalSection(ProjectConfigurationPlatforms) = postSolution
		{C1DE2CEB-2CAC-4D78-91FB-2D2492C8E709}.Debug|Any CPU.ActiveCfg = Debug|Any CPU
		{C1DE2CEB-2CAC-4D78-91FB-2D2492C8E709}.Debug|Any CPU.Build.0 = Debug|Any CPU
		{C1DE2CEB-2CAC-4D78-91FB-2D2492C8E709}.Release|Any CPU.ActiveCfg = Release|Any CPU
		{C1DE2CEB-2CAC-4D78-91FB-2D2492C8E709}.Release|Any CPU.Build.0 = Release|Any CPU
		{34EDDBE6-F1E9-48B6-A3F8-ABFE59B91330}.Debug|Any CPU.ActiveCfg = Debug|Any CPU
		{34EDDBE6-F1E9-48B6-A3F8-ABFE59B91330}.Debug|Any CPU.Build.0 = Debug|Any CPU
		{34EDDBE6-F1E9-48B6-A3F8-ABFE59B91330}.Release|Any CPU.ActiveCfg = Release|Any CPU
		{34EDDBE6-F1E9-48B6-A3F8-ABFE59B91330}.Release|Any CPU.Build.0 = Release|Any CPU
		{9256EE91-0339-4266-BA14-24D07851158B}.Debug|Any CPU.ActiveCfg = Debug|Any CPU
		{9256EE91-0339-4266-BA14-24D07851158B}.Debug|Any CPU.Build.0 = Debug|Any CPU
		{9256EE91-0339-4266-BA14-24D07851158B}.Release|Any CPU.ActiveCfg = Release|Any CPU
		{9256EE91-0339-4266-BA14-24D07851158B}.Release|Any CPU.Build.0 = Release|Any CPU
		{CAD6AA55-0FD5-42EB-91EC-BED3573878FD}.Debug|Any CPU.ActiveCfg = Debug|Any CPU
		{CAD6AA55-0FD5-42EB-91EC-BED3573878FD}.Debug|Any CPU.Build.0 = Debug|Any CPU
		{CAD6AA55-0FD5-42EB-91EC-BED3573878FD}.Release|Any CPU.ActiveCfg = Release|Any CPU
		{CAD6AA55-0FD5-42EB-91EC-BED3573878FD}.Release|Any CPU.Build.0 = Release|Any CPU
		{776104B8-463D-4610-B5C4-54CAE2CF6359}.Debug|Any CPU.ActiveCfg = Debug|Any CPU
		{776104B8-463D-4610-B5C4-54CAE2CF6359}.Debug|Any CPU.Build.0 = Debug|Any CPU
		{776104B8-463D-4610-B5C4-54CAE2CF6359}.Release|Any CPU.ActiveCfg = Release|Any CPU
		{776104B8-463D-4610-B5C4-54CAE2CF6359}.Release|Any CPU.Build.0 = Release|Any CPU
		{CB28AEA4-F22C-44A5-B09A-AC10F3A651AE}.Debug|Any CPU.ActiveCfg = Debug|Any CPU
		{CB28AEA4-F22C-44A5-B09A-AC10F3A651AE}.Debug|Any CPU.Build.0 = Debug|Any CPU
		{CB28AEA4-F22C-44A5-B09A-AC10F3A651AE}.Release|Any CPU.ActiveCfg = Release|Any CPU
		{CB28AEA4-F22C-44A5-B09A-AC10F3A651AE}.Release|Any CPU.Build.0 = Release|Any CPU
		{46211120-943D-4D1A-BDD3-6601B180ADD4}.Debug|Any CPU.ActiveCfg = Debug|Any CPU
		{46211120-943D-4D1A-BDD3-6601B180ADD4}.Debug|Any CPU.Build.0 = Debug|Any CPU
		{46211120-943D-4D1A-BDD3-6601B180ADD4}.Release|Any CPU.ActiveCfg = Release|Any CPU
		{46211120-943D-4D1A-BDD3-6601B180ADD4}.Release|Any CPU.Build.0 = Release|Any CPU
		{12D1B8B0-F151-498F-AE73-6940069F8672}.Debug|Any CPU.ActiveCfg = Debug|Any CPU
		{12D1B8B0-F151-498F-AE73-6940069F8672}.Debug|Any CPU.Build.0 = Debug|Any CPU
		{12D1B8B0-F151-498F-AE73-6940069F8672}.Release|Any CPU.ActiveCfg = Release|Any CPU
		{12D1B8B0-F151-498F-AE73-6940069F8672}.Release|Any CPU.Build.0 = Release|Any CPU
		{656324A9-5234-4B23-9A57-6AF97208D737}.Debug|Any CPU.ActiveCfg = Debug|Any CPU
		{656324A9-5234-4B23-9A57-6AF97208D737}.Debug|Any CPU.Build.0 = Debug|Any CPU
		{656324A9-5234-4B23-9A57-6AF97208D737}.Release|Any CPU.ActiveCfg = Release|Any CPU
		{656324A9-5234-4B23-9A57-6AF97208D737}.Release|Any CPU.Build.0 = Release|Any CPU
		{7A355AC2-DEA1-4236-A9ED-DADFA42656B3}.Debug|Any CPU.ActiveCfg = Debug|Any CPU
		{7A355AC2-DEA1-4236-A9ED-DADFA42656B3}.Debug|Any CPU.Build.0 = Debug|Any CPU
		{7A355AC2-DEA1-4236-A9ED-DADFA42656B3}.Release|Any CPU.ActiveCfg = Release|Any CPU
		{7A355AC2-DEA1-4236-A9ED-DADFA42656B3}.Release|Any CPU.Build.0 = Release|Any CPU
		{9C11CAE5-5188-4E71-825B-68FC3135728A}.Debug|Any CPU.ActiveCfg = Debug|Any CPU
		{9C11CAE5-5188-4E71-825B-68FC3135728A}.Debug|Any CPU.Build.0 = Debug|Any CPU
		{9C11CAE5-5188-4E71-825B-68FC3135728A}.Release|Any CPU.ActiveCfg = Release|Any CPU
		{9C11CAE5-5188-4E71-825B-68FC3135728A}.Release|Any CPU.Build.0 = Release|Any CPU
	EndGlobalSection
	GlobalSection(SolutionProperties) = preSolution
		HideSolutionNode = FALSE
	EndGlobalSection
	GlobalSection(NestedProjects) = preSolution
		{C1DE2CEB-2CAC-4D78-91FB-2D2492C8E709} = {C5BD354E-5EC9-4EB1-865B-9FD04C7B5EB5}
		{34EDDBE6-F1E9-48B6-A3F8-ABFE59B91330} = {AA58D7DD-3F02-465B-A9E9-EE77E436606D}
		{9256EE91-0339-4266-BA14-24D07851158B} = {AA58D7DD-3F02-465B-A9E9-EE77E436606D}
		{CAD6AA55-0FD5-42EB-91EC-BED3573878FD} = {A73B8515-83AA-48DA-8DE9-B847FE6AE1A7}
		{776104B8-463D-4610-B5C4-54CAE2CF6359} = {80B0FAC8-BE3B-4BBB-A279-66A63E69CC9E}
		{CB28AEA4-F22C-44A5-B09A-AC10F3A651AE} = {C5BD354E-5EC9-4EB1-865B-9FD04C7B5EB5}
		{46211120-943D-4D1A-BDD3-6601B180ADD4} = {C5BD354E-5EC9-4EB1-865B-9FD04C7B5EB5}
		{12D1B8B0-F151-498F-AE73-6940069F8672} = {A73B8515-83AA-48DA-8DE9-B847FE6AE1A7}
		{656324A9-5234-4B23-9A57-6AF97208D737} = {1394D2E0-A1BA-4894-ADEB-C943D9782FE6}
		{7A355AC2-DEA1-4236-A9ED-DADFA42656B3} = {1394D2E0-A1BA-4894-ADEB-C943D9782FE6}
		{9C11CAE5-5188-4E71-825B-68FC3135728A} = {B55DEAEC-315A-425A-A335-5B573A261D80}
	EndGlobalSection
	GlobalSection(ExtensibilityGlobals) = postSolution
		SolutionGuid = {5454935B-7A6A-4F0A-A0B1-814E6A3D4B40}
	EndGlobalSection
EndGlobal
